
Microsoft Visual Studio Solution File, Format Version 12.00
# Visual Studio Version 17
VisualStudioVersion = 17.9.34723.18
MinimumVisualStudioVersion = 10.0.40219.1
Project("{2150E333-8FDC-42A3-9474-1A3956D46DE8}") = "Services", "Services", "{294D2D80-A390-4293-9FF6-103A5444426B}"
EndProject
Project("{2150E333-8FDC-42A3-9474-1A3956D46DE8}") = "Catalog", "Catalog", "{6C3AC9F8-BE8F-4D25-AC7D-113ADE4737A4}"
EndProject
Project("{9A19103F-16F7-4668-BE54-9A1E7A4F7556}") = "Catalog.API", "Services\Catalog\Catalog.API\Catalog.API.csproj", "{698999CD-6707-4A7B-8AAA-01A18EADED4F}"
EndProject
Project("{2150E333-8FDC-42A3-9474-1A3956D46DE8}") = "BuildingBlocks", "BuildingBlocks", "{94C96302-917D-4D3D-9D25-B69F7E8A6F61}"
EndProject
Project("{9A19103F-16F7-4668-BE54-9A1E7A4F7556}") = "BuildingBlocks", "BuildingBlocks\BuildingBlocks\BuildingBlocks.csproj", "{B98E1240-E56C-4F31-B560-B8BACFA32236}"
EndProject
Project("{E53339B2-1760-4266-BCC7-CA923CBCF16C}") = "docker-compose", "docker-compose.dcproj", "{16F06EEF-FDFA-4BBC-A9BD-8C10D6174726}"
EndProject
Project("{2150E333-8FDC-42A3-9474-1A3956D46DE8}") = "Basket", "Basket", "{C885C2AC-00CA-468E-A3B3-38AB8C2E5BBB}"
EndProject
Project("{9A19103F-16F7-4668-BE54-9A1E7A4F7556}") = "Basket.API", "Services\Basket\Basket.API\Basket.API.csproj", "{FC0E9377-6B10-4173-A624-F89E3C05CB20}"
EndProject
Project("{2150E333-8FDC-42A3-9474-1A3956D46DE8}") = "Discount", "Discount", "{DEC65698-EA87-400D-B65F-11E67EE54185}"
EndProject
Project("{9A19103F-16F7-4668-BE54-9A1E7A4F7556}") = "Discount.Grpc", "Services\Discount\Discount.Grpc\Discount.Grpc.csproj", "{8C7B1E4A-695F-4CE7-94C2-2B5A6D36C299}"
EndProject
Project("{2150E333-8FDC-42A3-9474-1A3956D46DE8}") = "Ordering", "Ordering", "{924FDB1D-530F-4351-B060-2E3685CBFB34}"
EndProject
Project("{9A19103F-16F7-4668-BE54-9A1E7A4F7556}") = "Ordering.API", "Services\Ordering\Ordering.API\Ordering.API.csproj", "{A53A86F8-1B1A-4E7E-B371-CF5B919064BD}"
EndProject
Project("{9A19103F-16F7-4668-BE54-9A1E7A4F7556}") = "Ordering.Domain", "Services\Ordering\Ordering.Domain\Ordering.Domain.csproj", "{40C5D25F-EAFE-45F7-A5EA-A43C9F1B6332}"
EndProject
Project("{9A19103F-16F7-4668-BE54-9A1E7A4F7556}") = "Ordering.Application", "Services\Ordering\Ordering.Application\Ordering.Application.csproj", "{AA295EE0-4ABB-46D6-A59B-48C98DDCD7CF}"
EndProject
Project("{9A19103F-16F7-4668-BE54-9A1E7A4F7556}") = "Ordering.Infrastructure", "Services\Ordering\Ordering.Infractructure\Ordering.Infrastructure.csproj", "{852862F6-2685-4329-B145-A8E70B685EE2}"
EndProject
Project("{9A19103F-16F7-4668-BE54-9A1E7A4F7556}") = "BuildingBlocks.Messaging", "BuildingBlocks\BuildingBlocks.Messaging\BuildingBlocks.Messaging.csproj", "{C8376C69-27C7-417B-8793-B985DA30CC3D}"
EndProject
Project("{2150E333-8FDC-42A3-9474-1A3956D46DE8}") = "ApiGateways", "ApiGateways", "{3330780B-9451-4737-AB20-9D82DBCC06D7}"
EndProject
Project("{9A19103F-16F7-4668-BE54-9A1E7A4F7556}") = "YarpApiGateway", "ApiGateways\YarpApiGateway\YarpApiGateway.csproj", "{FA049435-AC04-477D-AA96-6402AFFBA454}"
EndProject
Project("{2150E333-8FDC-42A3-9474-1A3956D46DE8}") = "WebApps", "WebApps", "{4361F39A-7C40-4CE1-A71E-633FB6BF2970}"
EndProject
Project("{9A19103F-16F7-4668-BE54-9A1E7A4F7556}") = "Shopping.Web", "WebApps\Shopping.Web\Shopping.Web.csproj", "{F749433D-0A74-4F9F-B264-4F333ACFE51F}"
EndProject
Global
	GlobalSection(SolutionConfigurationPlatforms) = preSolution
		Debug|Any CPU = Debug|Any CPU
		Release|Any CPU = Release|Any CPU
	EndGlobalSection
	GlobalSection(ProjectConfigurationPlatforms) = postSolution
		{698999CD-6707-4A7B-8AAA-01A18EADED4F}.Debug|Any CPU.ActiveCfg = Debug|Any CPU
		{698999CD-6707-4A7B-8AAA-01A18EADED4F}.Debug|Any CPU.Build.0 = Debug|Any CPU
		{698999CD-6707-4A7B-8AAA-01A18EADED4F}.Release|Any CPU.ActiveCfg = Release|Any CPU
		{698999CD-6707-4A7B-8AAA-01A18EADED4F}.Release|Any CPU.Build.0 = Release|Any CPU
		{B98E1240-E56C-4F31-B560-B8BACFA32236}.Debug|Any CPU.ActiveCfg = Debug|Any CPU
		{B98E1240-E56C-4F31-B560-B8BACFA32236}.Debug|Any CPU.Build.0 = Debug|Any CPU
		{B98E1240-E56C-4F31-B560-B8BACFA32236}.Release|Any CPU.ActiveCfg = Release|Any CPU
		{B98E1240-E56C-4F31-B560-B8BACFA32236}.Release|Any CPU.Build.0 = Release|Any CPU
		{16F06EEF-FDFA-4BBC-A9BD-8C10D6174726}.Debug|Any CPU.ActiveCfg = Debug|Any CPU
		{16F06EEF-FDFA-4BBC-A9BD-8C10D6174726}.Debug|Any CPU.Build.0 = Debug|Any CPU
		{16F06EEF-FDFA-4BBC-A9BD-8C10D6174726}.Release|Any CPU.ActiveCfg = Release|Any CPU
		{16F06EEF-FDFA-4BBC-A9BD-8C10D6174726}.Release|Any CPU.Build.0 = Release|Any CPU
		{FC0E9377-6B10-4173-A624-F89E3C05CB20}.Debug|Any CPU.ActiveCfg = Debug|Any CPU
		{FC0E9377-6B10-4173-A624-F89E3C05CB20}.Debug|Any CPU.Build.0 = Debug|Any CPU
		{FC0E9377-6B10-4173-A624-F89E3C05CB20}.Release|Any CPU.ActiveCfg = Release|Any CPU
		{FC0E9377-6B10-4173-A624-F89E3C05CB20}.Release|Any CPU.Build.0 = Release|Any CPU
		{8C7B1E4A-695F-4CE7-94C2-2B5A6D36C299}.Debug|Any CPU.ActiveCfg = Debug|Any CPU
		{8C7B1E4A-695F-4CE7-94C2-2B5A6D36C299}.Debug|Any CPU.Build.0 = Debug|Any CPU
		{8C7B1E4A-695F-4CE7-94C2-2B5A6D36C299}.Release|Any CPU.ActiveCfg = Release|Any CPU
		{8C7B1E4A-695F-4CE7-94C2-2B5A6D36C299}.Release|Any CPU.Build.0 = Release|Any CPU
		{A53A86F8-1B1A-4E7E-B371-CF5B919064BD}.Debug|Any CPU.ActiveCfg = Debug|Any CPU
		{A53A86F8-1B1A-4E7E-B371-CF5B919064BD}.Debug|Any CPU.Build.0 = Debug|Any CPU
		{A53A86F8-1B1A-4E7E-B371-CF5B919064BD}.Release|Any CPU.ActiveCfg = Release|Any CPU
		{A53A86F8-1B1A-4E7E-B371-CF5B919064BD}.Release|Any CPU.Build.0 = Release|Any CPU
		{40C5D25F-EAFE-45F7-A5EA-A43C9F1B6332}.Debug|Any CPU.ActiveCfg = Debug|Any CPU
		{40C5D25F-EAFE-45F7-A5EA-A43C9F1B6332}.Debug|Any CPU.Build.0 = Debug|Any CPU
		{40C5D25F-EAFE-45F7-A5EA-A43C9F1B6332}.Release|Any CPU.ActiveCfg = Release|Any CPU
		{40C5D25F-EAFE-45F7-A5EA-A43C9F1B6332}.Release|Any CPU.Build.0 = Release|Any CPU
		{AA295EE0-4ABB-46D6-A59B-48C98DDCD7CF}.Debug|Any CPU.ActiveCfg = Debug|Any CPU
		{AA295EE0-4ABB-46D6-A59B-48C98DDCD7CF}.Debug|Any CPU.Build.0 = Debug|Any CPU
		{AA295EE0-4ABB-46D6-A59B-48C98DDCD7CF}.Release|Any CPU.ActiveCfg = Release|Any CPU
		{AA295EE0-4ABB-46D6-A59B-48C98DDCD7CF}.Release|Any CPU.Build.0 = Release|Any CPU
		{852862F6-2685-4329-B145-A8E70B685EE2}.Debug|Any CPU.ActiveCfg = Debug|Any CPU
		{852862F6-2685-4329-B145-A8E70B685EE2}.Debug|Any CPU.Build.0 = Debug|Any CPU
		{852862F6-2685-4329-B145-A8E70B685EE2}.Release|Any CPU.ActiveCfg = Release|Any CPU
		{852862F6-2685-4329-B145-A8E70B685EE2}.Release|Any CPU.Build.0 = Release|Any CPU
		{C8376C69-27C7-417B-8793-B985DA30CC3D}.Debug|Any CPU.ActiveCfg = Debug|Any CPU
		{C8376C69-27C7-417B-8793-B985DA30CC3D}.Debug|Any CPU.Build.0 = Debug|Any CPU
		{C8376C69-27C7-417B-8793-B985DA30CC3D}.Release|Any CPU.ActiveCfg = Release|Any CPU
		{C8376C69-27C7-417B-8793-B985DA30CC3D}.Release|Any CPU.Build.0 = Release|Any CPU
		{FA049435-AC04-477D-AA96-6402AFFBA454}.Debug|Any CPU.ActiveCfg = Debug|Any CPU
		{FA049435-AC04-477D-AA96-6402AFFBA454}.Debug|Any CPU.Build.0 = Debug|Any CPU
		{FA049435-AC04-477D-AA96-6402AFFBA454}.Release|Any CPU.ActiveCfg = Release|Any CPU
		{FA049435-AC04-477D-AA96-6402AFFBA454}.Release|Any CPU.Build.0 = Release|Any CPU
		{F749433D-0A74-4F9F-B264-4F333ACFE51F}.Debug|Any CPU.ActiveCfg = Debug|Any CPU
		{F749433D-0A74-4F9F-B264-4F333ACFE51F}.Debug|Any CPU.Build.0 = Debug|Any CPU
		{F749433D-0A74-4F9F-B264-4F333ACFE51F}.Release|Any CPU.ActiveCfg = Release|Any CPU
		{F749433D-0A74-4F9F-B264-4F333ACFE51F}.Release|Any CPU.Build.0 = Release|Any CPU
	EndGlobalSection
	GlobalSection(SolutionProperties) = preSolution
		HideSolutionNode = FALSE
	EndGlobalSection
	GlobalSection(NestedProjects) = preSolution
		{6C3AC9F8-BE8F-4D25-AC7D-113ADE4737A4} = {294D2D80-A390-4293-9FF6-103A5444426B}
		{698999CD-6707-4A7B-8AAA-01A18EADED4F} = {6C3AC9F8-BE8F-4D25-AC7D-113ADE4737A4}
		{B98E1240-E56C-4F31-B560-B8BACFA32236} = {94C96302-917D-4D3D-9D25-B69F7E8A6F61}
		{C885C2AC-00CA-468E-A3B3-38AB8C2E5BBB} = {294D2D80-A390-4293-9FF6-103A5444426B}
		{FC0E9377-6B10-4173-A624-F89E3C05CB20} = {C885C2AC-00CA-468E-A3B3-38AB8C2E5BBB}
		{DEC65698-EA87-400D-B65F-11E67EE54185} = {294D2D80-A390-4293-9FF6-103A5444426B}
		{8C7B1E4A-695F-4CE7-94C2-2B5A6D36C299} = {DEC65698-EA87-400D-B65F-11E67EE54185}
		{924FDB1D-530F-4351-B060-2E3685CBFB34} = {294D2D80-A390-4293-9FF6-103A5444426B}
		{A53A86F8-1B1A-4E7E-B371-CF5B919064BD} = {924FDB1D-530F-4351-B060-2E3685CBFB34}
		{40C5D25F-EAFE-45F7-A5EA-A43C9F1B6332} = {924FDB1D-530F-4351-B060-2E3685CBFB34}
		{AA295EE0-4ABB-46D6-A59B-48C98DDCD7CF} = {924FDB1D-530F-4351-B060-2E3685CBFB34}
		{852862F6-2685-4329-B145-A8E70B685EE2} = {924FDB1D-530F-4351-B060-2E3685CBFB34}
		{C8376C69-27C7-417B-8793-B985DA30CC3D} = {94C96302-917D-4D3D-9D25-B69F7E8A6F61}
		{FA049435-AC04-477D-AA96-6402AFFBA454} = {3330780B-9451-4737-AB20-9D82DBCC06D7}
		{F749433D-0A74-4F9F-B264-4F333ACFE51F} = {4361F39A-7C40-4CE1-A71E-633FB6BF2970}
	EndGlobalSection
	GlobalSection(ExtensibilityGlobals) = postSolution
		SolutionGuid = {46F537D0-0817-4B22-84D1-10B3A73C3F35}
	EndGlobalSection
EndGlobal
